
Microsoft Visual Studio Solution File, Format Version 12.00
Project("{FAE04EC0-301F-11D3-BF4B-00C04F79EFBC}") = "ChatServer", "ChatServer\ChatServer.csproj", "{FF5E8362-C75E-4868-B091-FAA507A9FCB1}"
EndProject
Project("{FAE04EC0-301F-11D3-BF4B-00C04F79EFBC}") = "ChatApi", "ChatApi\ChatApi.csproj", "{3A2648F4-CCF2-432E-8B71-8FBD9E5A5302}"
EndProject
Global
	GlobalSection(SolutionConfigurationPlatforms) = preSolution
		Debug|Any CPU = Debug|Any CPU
		Release|Any CPU = Release|Any CPU
	EndGlobalSection
	GlobalSection(ProjectConfigurationPlatforms) = postSolution
		{FF5E8362-C75E-4868-B091-FAA507A9FCB1}.Debug|Any CPU.ActiveCfg = Debug|Any CPU
		{FF5E8362-C75E-4868-B091-FAA507A9FCB1}.Debug|Any CPU.Build.0 = Debug|Any CPU
		{FF5E8362-C75E-4868-B091-FAA507A9FCB1}.Release|Any CPU.ActiveCfg = Release|Any CPU
		{FF5E8362-C75E-4868-B091-FAA507A9FCB1}.Release|Any CPU.Build.0 = Release|Any CPU
		{3A2648F4-CCF2-432E-8B71-8FBD9E5A5302}.Debug|Any CPU.ActiveCfg = Debug|Any CPU
		{3A2648F4-CCF2-432E-8B71-8FBD9E5A5302}.Debug|Any CPU.Build.0 = Debug|Any CPU
		{3A2648F4-CCF2-432E-8B71-8FBD9E5A5302}.Release|Any CPU.ActiveCfg = Release|Any CPU
		{3A2648F4-CCF2-432E-8B71-8FBD9E5A5302}.Release|Any CPU.Build.0 = Release|Any CPU
	EndGlobalSection
EndGlobal
